
Microsoft Visual Studio Solution File, Format Version 12.00
# Visual Studio Version 17
VisualStudioVersion = 17.14.36203.30 d17.14
MinimumVisualStudioVersion = 10.0.40219.1
Project("{8BC9CEB8-8B4A-11D0-8D11-00A0C91BC942}") = "screenkirk", "src/screenkirk.vcxproj", "{BE3E2416-B049-4494-AFD1-D1556CDED06B}"
EndProject
Project("{8BC9CEB8-8B4A-11D0-8D11-00A0C91BC942}") = "text_tool", "ext_src/text_tool/text_tool.vcxproj", "{977F2463-9D5D-4842-BD6F-7779CB48FBB0}"
EndProject
Global
	GlobalSection(SolutionConfigurationPlatforms) = preSolution
		Debug|x64 = Debug|x64
		Debug|x86 = Debug|x86
		Release|x64 = Release|x64
		Release|x86 = Release|x86
	EndGlobalSection
	GlobalSection(ProjectConfigurationPlatforms) = postSolution
		{BE3E2416-B049-4494-AFD1-D1556CDED06B}.Debug|x64.ActiveCfg = Debug|x64
		{BE3E2416-B049-4494-AFD1-D1556CDED06B}.Debug|x64.Build.0 = Debug|x64
		{BE3E2416-B049-4494-AFD1-D1556CDED06B}.Debug|x86.ActiveCfg = Debug|Win32
		{BE3E2416-B049-4494-AFD1-D1556CDED06B}.Debug|x86.Build.0 = Debug|Win32
		{BE3E2416-B049-4494-AFD1-D1556CDED06B}.Release|x64.ActiveCfg = Release|x64
		{BE3E2416-B049-4494-AFD1-D1556CDED06B}.Release|x64.Build.0 = Release|x64
		{BE3E2416-B049-4494-AFD1-D1556CDED06B}.Release|x86.ActiveCfg = Release|Win32
		{977F2463-9D5D-4842-BD6F-7779CB48FBB0}.Release|x86.Build.0 = Release|Win32
		{977F2463-9D5D-4842-BD6F-7779CB48FBB0}.Debug|x64.ActiveCfg = Debug|x64
		{977F2463-9D5D-4842-BD6F-7779CB48FBB0}.Debug|x64.Build.0 = Debug|x64
		{977F2463-9D5D-4842-BD6F-7779CB48FBB0}.Debug|x86.ActiveCfg = Debug|Win32
		{977F2463-9D5D-4842-BD6F-7779CB48FBB0}.Debug|x86.Build.0 = Debug|Win32
		{977F2463-9D5D-4842-BD6F-7779CB48FBB0}.Release|x64.ActiveCfg = Release|x64
		{977F2463-9D5D-4842-BD6F-7779CB48FBB0}.Release|x64.Build.0 = Release|x64
		{977F2463-9D5D-4842-BD6F-7779CB48FBB0}.Release|x86.ActiveCfg = Release|Win32
		{977F2463-9D5D-4842-BD6F-7779CB48FBB0}.Release|x86.Build.0 = Release|Win32
	EndGlobalSection
	GlobalSection(SolutionProperties) = preSolution
		HideSolutionNode = FALSE
	EndGlobalSection
	GlobalSection(ExtensibilityGlobals) = postSolution
		SolutionGuid = {0D0537A7-3F19-4173-9D38-133B255E4C9B}
	EndGlobalSection
EndGlobal
